{
  "projects": [
    {
      "projectId": "seaQhLVS4bbjiGvJJrRwyL",
      "version": "15.0.3",
      "dependencies": {},
      "lang": "ts",
      "fileLocks": [
        {
          "assetId": "seaQhLVS4bbjiGvJJrRwyL",
          "type": "projectCss",
          "checksum": "dc88471beadb978e51eb3ceb75d10fdb"
        }
      ]
    },
    {
      "projectId": "j4cXxWNaY4H61DNMUdHEeq",
      "version": "latest",
      "dependencies": {
        "seaQhLVS4bbjiGvJJrRwyL": "15.0.3"
      },
      "lang": "ts",
      "fileLocks": [
        {
          "type": "globalVariant",
          "assetId": "wC9ZhGcVKThOUB",
          "checksum": "7d7fd71527046f1b6249b9b20561df1d"
        },
        {
          "type": "renderModule",
          "assetId": "Az6psyQSA4D9k",
          "checksum": "f102385e805351352f1db1fb98b67199"
        },
        {
          "type": "cssRules",
          "assetId": "Az6psyQSA4D9k",
          "checksum": "f102385e805351352f1db1fb98b67199"
        },
        {
          "type": "renderModule",
          "assetId": "c6NmvztGXUIhD",
          "checksum": "daceb4920eaa0f9f7bfc0c00b23965ab"
        },
        {
          "type": "cssRules",
          "assetId": "c6NmvztGXUIhD",
          "checksum": "daceb4920eaa0f9f7bfc0c00b23965ab"
        },
        {
          "type": "renderModule",
          "assetId": "Kdzc5b9xvWlbu",
          "checksum": "d107fcaf668d08870f12196671885986"
        },
        {
          "type": "cssRules",
          "assetId": "Kdzc5b9xvWlbu",
          "checksum": "d107fcaf668d08870f12196671885986"
        },
        {
          "type": "renderModule",
          "assetId": "7xKegq4mPEUI7",
          "checksum": "c397880d688e4fd38711ef4b63e5e01c"
        },
        {
          "type": "cssRules",
          "assetId": "7xKegq4mPEUI7",
          "checksum": "c397880d688e4fd38711ef4b63e5e01c"
        },
        {
          "type": "renderModule",
          "assetId": "NIlA_zIutfHkW",
          "checksum": "ed34ec3c25c77a694b8e6afd772a6d03"
        },
        {
          "type": "cssRules",
          "assetId": "NIlA_zIutfHkW",
          "checksum": "ed34ec3c25c77a694b8e6afd772a6d03"
        },
        {
          "type": "renderModule",
          "assetId": "LCodS0O3kgLbC",
          "checksum": "dc9024732cd464a5fbf6688a97b22f29"
        },
        {
          "type": "cssRules",
          "assetId": "LCodS0O3kgLbC",
          "checksum": "dc9024732cd464a5fbf6688a97b22f29"
        },
        {
          "type": "renderModule",
          "assetId": "922G72DdZewL2",
          "checksum": "cda73158c73bdf3df876286480d4cc20"
        },
        {
          "type": "cssRules",
          "assetId": "922G72DdZewL2",
          "checksum": "cda73158c73bdf3df876286480d4cc20"
        },
        {
          "type": "renderModule",
          "assetId": "W6qluR7a_49IG",
          "checksum": "25474c745f6f2846bf2a870ed7378081"
        },
        {
          "type": "cssRules",
          "assetId": "W6qluR7a_49IG",
          "checksum": "25474c745f6f2846bf2a870ed7378081"
        },
        {
          "type": "renderModule",
          "assetId": "Mvx9lg2SpecgR",
          "checksum": "4b086a6e3852158e671cc45fdd50719b"
        },
        {
          "type": "cssRules",
          "assetId": "Mvx9lg2SpecgR",
          "checksum": "4b086a6e3852158e671cc45fdd50719b"
        },
        {
          "type": "renderModule",
          "assetId": "Yx1EfAIK7s3zLT",
          "checksum": "7bc82ad4bd1386dbbf0ff8a9dff868a2"
        },
        {
          "type": "cssRules",
          "assetId": "Yx1EfAIK7s3zLT",
          "checksum": "7bc82ad4bd1386dbbf0ff8a9dff868a2"
        },
        {
          "type": "renderModule",
          "assetId": "MU7IJjbB7TF4Yb",
          "checksum": "4a3d1d3f51f0db985cbe8b1c3c816bbf"
        },
        {
          "type": "cssRules",
          "assetId": "MU7IJjbB7TF4Yb",
          "checksum": "4a3d1d3f51f0db985cbe8b1c3c816bbf"
        },
        {
          "type": "renderModule",
          "assetId": "4ISBhGu_oLNSfh",
          "checksum": "8f6f6812a679e687d4cea2f6a529cc41"
        },
        {
          "type": "cssRules",
          "assetId": "4ISBhGu_oLNSfh",
          "checksum": "8f6f6812a679e687d4cea2f6a529cc41"
        },
        {
          "type": "renderModule",
          "assetId": "hEoCMQOgk0_MmF",
          "checksum": "e3c0c7f87cfbd0ece12e3ffdf970d643"
        },
        {
          "type": "cssRules",
          "assetId": "hEoCMQOgk0_MmF",
          "checksum": "e3c0c7f87cfbd0ece12e3ffdf970d643"
        },
        {
          "type": "renderModule",
          "assetId": "TRH0SAtI4vaMOe",
          "checksum": "a026bd158984b461e2c50586a3d605cf"
        },
        {
          "type": "cssRules",
          "assetId": "TRH0SAtI4vaMOe",
          "checksum": "a026bd158984b461e2c50586a3d605cf"
        },
        {
          "type": "renderModule",
          "assetId": "64KUr2c6ZsYqUZ",
          "checksum": "39f82afb6e89ce838856ac779287a4f4"
        },
        {
          "type": "cssRules",
          "assetId": "64KUr2c6ZsYqUZ",
          "checksum": "39f82afb6e89ce838856ac779287a4f4"
        },
        {
          "type": "renderModule",
          "assetId": "D48S00s9NuUnYA",
          "checksum": "0d9f3dd9a74e2764f34c6993e717b6fe"
        },
        {
          "type": "cssRules",
          "assetId": "D48S00s9NuUnYA",
          "checksum": "0d9f3dd9a74e2764f34c6993e717b6fe"
        },
        {
          "type": "renderModule",
          "assetId": "TpFenIqO5THi8Y",
          "checksum": "b8680c94d3c782ced33c51a279f44ce4"
        },
        {
          "type": "cssRules",
          "assetId": "TpFenIqO5THi8Y",
          "checksum": "b8680c94d3c782ced33c51a279f44ce4"
        },
        {
          "type": "image",
          "assetId": "HEBkFo-n0rZq6A",
          "checksum": "1a1104ebeee97fb03dab43b51b115374"
        },
        {
          "type": "image",
          "assetId": "YGlIYj9jgExo7i",
          "checksum": "443232e1dd2c7897d6b13e15b8b8619b"
        },
        {
          "type": "image",
          "assetId": "rju7-Wntu4YeQ3",
          "checksum": "1ea2864b844ab1e7b583a6ee30f2880d"
        },
        {
          "type": "image",
          "assetId": "uO7NbQmV2QNGe-",
          "checksum": "b5df664a8aca35f208470a6279205152"
        },
        {
          "type": "renderModule",
          "assetId": "-3j8ePnq4e",
          "checksum": "c320d78e459c5faaa5b120e2db1dd0f0"
        },
        {
          "type": "cssRules",
          "assetId": "-3j8ePnq4e",
          "checksum": "c320d78e459c5faaa5b120e2db1dd0f0"
        },
        {
          "type": "image",
          "assetId": "OI1WztgFq",
          "checksum": "1fc0b82d55768423edaa3cf2ce827ebe"
        },
        {
          "type": "image",
          "assetId": "MV8L5kC3AM",
          "checksum": "0bb70d3d373831fc4d8cfb5e910cbe8e"
        },
        {
          "type": "image",
          "assetId": "zyKkhEck2k",
          "checksum": "f978a3424bdec15738fa102a887e2d16"
        },
        {
          "assetId": "j4cXxWNaY4H61DNMUdHEeq",
          "type": "projectCss",
          "checksum": "5e61a9e373cfd5ef3cddff9292adef1e"
        },
        {
          "type": "icon",
          "assetId": "Xpj7d0LPLbzZ5X",
          "checksum": "e50b82018c1265649c1495dbb7819563"
        },
        {
          "type": "icon",
          "assetId": "fUFOFdvblz8_Bf",
          "checksum": "943f9a978910a26e79f69f873b82ad8c"
        },
        {
          "type": "icon",
          "assetId": "v7zMdCLVAoIOGY",
          "checksum": "b1e2fd5008253c761c6851361dca0038"
        },
        {
          "type": "icon",
          "assetId": "BEG9tiBb8dJJ8_",
          "checksum": "78d91a07686f0af36f00cf984c0be879"
        },
        {
          "type": "icon",
          "assetId": "dsuMKJxD-BRcTf",
          "checksum": "a9823dc03d478d05c43be82df4c05409"
        },
        {
          "type": "icon",
          "assetId": "UKOXR6GyoRiKD2",
          "checksum": "6977c1c6935b669f20876183d81cac52"
        },
        {
          "type": "icon",
          "assetId": "lb3BKwscUZniGR",
          "checksum": "25786f8db2f5e6de2c5f5f424e0174dc"
        },
        {
          "type": "icon",
          "assetId": "ORKHHSGyVyl46J",
          "checksum": "11714311f7506764f0e4357536c07a2f"
        },
        {
          "type": "icon",
          "assetId": "05zuWRFkATYaj3",
          "checksum": "82ee5b9b3e2c569901c64006efb12486"
        },
        {
          "type": "icon",
          "assetId": "PZYEMvSY-E8gsp",
          "checksum": "d19548d59f56f7a756e3a234bab439a4"
        },
        {
          "type": "icon",
          "assetId": "eituQtjqd449f4",
          "checksum": "29a8bc75c95a29c16ac5ae7097da3aba"
        },
        {
          "type": "icon",
          "assetId": "OydhZLYgbEKijs",
          "checksum": "d948db6428fffd2318c8e1e448546006"
        },
        {
          "type": "icon",
          "assetId": "HGRIcGqt5v9kxm",
          "checksum": "4b9ff0345d245f33fd497f7836737582"
        },
        {
          "type": "icon",
          "assetId": "4sngWBbwCx-nPI",
          "checksum": "3a3cc38e03be2ee27d184d6382c3ae09"
        },
        {
          "type": "icon",
          "assetId": "nc0154PuIeqb2i",
          "checksum": "a4a0b97ad3d8f4dadafc2a9c83097878"
        },
        {
          "type": "icon",
          "assetId": "MYORJfYMMHtj4F",
          "checksum": "98e0111f02f4523a132ce150ae9453aa"
        },
        {
          "type": "icon",
          "assetId": "4Zi9ztCMshUkPJ",
          "checksum": "9d0a10a62e65bd267b34dcb91cc61f01"
        },
        {
          "type": "icon",
          "assetId": "hEvoGYCA4_NI1U",
          "checksum": "bbdfd8b5c85bcf4002bf5712165dc688"
        },
        {
          "type": "icon",
          "assetId": "13MVvdfEaYJQXC",
          "checksum": "85fc0e851651208d5376c9ac360e34c6"
        },
        {
          "type": "icon",
          "assetId": "pm6E6G7gm1",
          "checksum": "4e21cb01d69ff3064292628a51d5610e"
        }
      ]
    }
  ],
  "cliVersion": "0.1.137"
}
